// !$*UTF8*$!
{
	archiveVersion = 1;
	classes = {
	};
	objectVersion = 55;
	objects = {

/* Begin PBXBuildFile section */
		2400DA06273E747200FD9164 /* UIView anchors.swift in Sources */ = {isa = PBXBuildFile; fileRef = 2400DA05273E747200FD9164 /* UIView anchors.swift */; };
		2400DA0A273EB6A700FD9164 /* LoginVC.swift in Sources */ = {isa = PBXBuildFile; fileRef = 2400DA09273EB6A700FD9164 /* LoginVC.swift */; };
		240C0B86276748C000871FCE /* GoogleService-Info.plist in Resources */ = {isa = PBXBuildFile; fileRef = 240C0B85276748C000871FCE /* GoogleService-Info.plist */; };
		240C0B8D27674F5A00871FCE /* UserFullData.swift in Sources */ = {isa = PBXBuildFile; fileRef = 240C0B8C27674F5A00871FCE /* UserFullData.swift */; };
		243997412747F1AF006A221F /* ChatVC.swift in Sources */ = {isa = PBXBuildFile; fileRef = 243997402747F1AF006A221F /* ChatVC.swift */; };
		245F32FA276CAB7000A8CDC6 /* ConversationsTVC.swift in Sources */ = {isa = PBXBuildFile; fileRef = 245F32F9276CAB7000A8CDC6 /* ConversationsTVC.swift */; };
		245F32FC276CAF6B00A8CDC6 /* ConversationCell.swift in Sources */ = {isa = PBXBuildFile; fileRef = 245F32FB276CAF6B00A8CDC6 /* ConversationCell.swift */; };
		245F32FE276CB7C500A8CDC6 /* NSArray.swift in Sources */ = {isa = PBXBuildFile; fileRef = 245F32FD276CB7C500A8CDC6 /* NSArray.swift */; };
		245F3300276CE05A00A8CDC6 /* Conversations.swift in Sources */ = {isa = PBXBuildFile; fileRef = 245F32FF276CE05A00A8CDC6 /* Conversations.swift */; };
		246FA4BB2747C36C0053E949 /* PasswordField.swift in Sources */ = {isa = PBXBuildFile; fileRef = 246FA4BA2747C36C0053E949 /* PasswordField.swift */; };
		246FA4BE2747C4FD0053E949 /* TextFieldTemplate.swift in Sources */ = {isa = PBXBuildFile; fileRef = 246FA4BD2747C4FD0053E949 /* TextFieldTemplate.swift */; };
		2481CB58274D1DA10013FB14 /* StorageManager.swift in Sources */ = {isa = PBXBuildFile; fileRef = 2481CB57274D1DA10013FB14 /* StorageManager.swift */; };
		2481CB5A274D451E0013FB14 /* ConfigHeaderView.swift in Sources */ = {isa = PBXBuildFile; fileRef = 2481CB59274D451E0013FB14 /* ConfigHeaderView.swift */; };
		24B540B3277618B90065182E /* UserDataCache.swift in Sources */ = {isa = PBXBuildFile; fileRef = 24B540B2277618B90065182E /* UserDataCache.swift */; };
		24B540B5277619BD0065182E /* UserData.swift in Sources */ = {isa = PBXBuildFile; fileRef = 24B540B4277619BD0065182E /* UserData.swift */; };
		24BA459F276B649200CA1DD9 /* NSDictionary.swift in Sources */ = {isa = PBXBuildFile; fileRef = 24BA459E276B649200CA1DD9 /* NSDictionary.swift */; };
		24BA45A1276B72C700CA1DD9 /* StructToDictionary.swift in Sources */ = {isa = PBXBuildFile; fileRef = 24BA45A0276B72C700CA1DD9 /* StructToDictionary.swift */; };
		24BC8BAD27491A2600EB7918 /* HiddenTextLabel.swift in Sources */ = {isa = PBXBuildFile; fileRef = 24BC8BAC27491A2600EB7918 /* HiddenTextLabel.swift */; };
		24BC8BB027492BAE00EB7918 /* Message.swift in Sources */ = {isa = PBXBuildFile; fileRef = 24BC8BAF27492BAE00EB7918 /* Message.swift */; };
		24BC8BB227492BD700EB7918 /* Sender.swift in Sources */ = {isa = PBXBuildFile; fileRef = 24BC8BB127492BD700EB7918 /* Sender.swift */; };
		24BC8BB42749302500EB7918 /* StartNewConversationVC.swift in Sources */ = {isa = PBXBuildFile; fileRef = 24BC8BB32749302500EB7918 /* StartNewConversationVC.swift */; };
		24C525F8273BD72E009EBAF9 /* AppDelegate.swift in Sources */ = {isa = PBXBuildFile; fileRef = 24C525F7273BD72E009EBAF9 /* AppDelegate.swift */; };
		24C525FA273BD72E009EBAF9 /* SceneDelegate.swift in Sources */ = {isa = PBXBuildFile; fileRef = 24C525F9273BD72E009EBAF9 /* SceneDelegate.swift */; };
		24C525FF273BD72E009EBAF9 /* Main.storyboard in Resources */ = {isa = PBXBuildFile; fileRef = 24C525FD273BD72E009EBAF9 /* Main.storyboard */; };
		24C52601273BD72F009EBAF9 /* Assets.xcassets in Resources */ = {isa = PBXBuildFile; fileRef = 24C52600273BD72F009EBAF9 /* Assets.xcassets */; };
		24C52604273BD72F009EBAF9 /* LaunchScreen.storyboard in Resources */ = {isa = PBXBuildFile; fileRef = 24C52602273BD72F009EBAF9 /* LaunchScreen.storyboard */; };
		24C5260C273BD87F009EBAF9 /* RegisterVC.swift in Sources */ = {isa = PBXBuildFile; fileRef = 24C5260B273BD87F009EBAF9 /* RegisterVC.swift */; };
		24C5260E273BE397009EBAF9 /* IconTextButton.swift in Sources */ = {isa = PBXBuildFile; fileRef = 24C5260D273BE397009EBAF9 /* IconTextButton.swift */; };
		24C52610273BE5C7009EBAF9 /* TwoLinesButton.swift in Sources */ = {isa = PBXBuildFile; fileRef = 24C5260F273BE5C7009EBAF9 /* TwoLinesButton.swift */; };
		24CC3F76273C26C500DF7679 /* TestVC.swift in Sources */ = {isa = PBXBuildFile; fileRef = 24CC3F75273C26C500DF7679 /* TestVC.swift */; };
		24D53DA92744583F002E3C04 /* ConversationVC.swift in Sources */ = {isa = PBXBuildFile; fileRef = 24D53DA82744583F002E3C04 /* ConversationVC.swift */; };
		24D53DAD27446089002E3C04 /* DatabaseManager.swift in Sources */ = {isa = PBXBuildFile; fileRef = 24D53DAC27446089002E3C04 /* DatabaseManager.swift */; };
		24E8D7C027452516007F995D /* ContactsVC.swift in Sources */ = {isa = PBXBuildFile; fileRef = 24E8D7BF27452516007F995D /* ContactsVC.swift */; };
		24E8D7C2274525DC007F995D /* TabBarVC.swift in Sources */ = {isa = PBXBuildFile; fileRef = 24E8D7C1274525DC007F995D /* TabBarVC.swift */; };
		24E8D7C427452824007F995D /* AppConfigVC.swift in Sources */ = {isa = PBXBuildFile; fileRef = 24E8D7C327452824007F995D /* AppConfigVC.swift */; };
		24EAEA4627678B9E001C25E8 /* Errors.swift in Sources */ = {isa = PBXBuildFile; fileRef = 24EAEA4527678B9E001C25E8 /* Errors.swift */; };
		24EDB8D9277344DF00947C4F /* UserShortData.swift in Sources */ = {isa = PBXBuildFile; fileRef = 24EDB8D8277344DF00947C4F /* UserShortData.swift */; };
		5CA0F37997FD7A5FB25199FC /* Pods_RushHour.framework in Frameworks */ = {isa = PBXBuildFile; fileRef = DA6F53BAE7D85C9A9DBC364E /* Pods_RushHour.framework */; };
/* End PBXBuildFile section */

/* Begin PBXFileReference section */
		2400DA05273E747200FD9164 /* UIView anchors.swift */ = {isa = PBXFileReference; lastKnownFileType = sourcecode.swift; path = "UIView anchors.swift"; sourceTree = "<group>"; };
		2400DA09273EB6A700FD9164 /* LoginVC.swift */ = {isa = PBXFileReference; lastKnownFileType = sourcecode.swift; path = LoginVC.swift; sourceTree = "<group>"; };
		240C0B85276748C000871FCE /* GoogleService-Info.plist */ = {isa = PBXFileReference; fileEncoding = 4; lastKnownFileType = text.plist.xml; path = "GoogleService-Info.plist"; sourceTree = "<group>"; };
		240C0B8C27674F5A00871FCE /* UserFullData.swift */ = {isa = PBXFileReference; lastKnownFileType = sourcecode.swift; path = UserFullData.swift; sourceTree = "<group>"; };
		243997402747F1AF006A221F /* ChatVC.swift */ = {isa = PBXFileReference; lastKnownFileType = sourcecode.swift; path = ChatVC.swift; sourceTree = "<group>"; };
		245F32F9276CAB7000A8CDC6 /* ConversationsTVC.swift */ = {isa = PBXFileReference; lastKnownFileType = sourcecode.swift; path = ConversationsTVC.swift; sourceTree = "<group>"; };
		245F32FB276CAF6B00A8CDC6 /* ConversationCell.swift */ = {isa = PBXFileReference; lastKnownFileType = sourcecode.swift; path = ConversationCell.swift; sourceTree = "<group>"; };
		245F32FD276CB7C500A8CDC6 /* NSArray.swift */ = {isa = PBXFileReference; lastKnownFileType = sourcecode.swift; path = NSArray.swift; sourceTree = "<group>"; };
		245F32FF276CE05A00A8CDC6 /* Conversations.swift */ = {isa = PBXFileReference; fileEncoding = 4; lastKnownFileType = sourcecode.swift; path = Conversations.swift; sourceTree = "<group>"; };
		246FA4BA2747C36C0053E949 /* PasswordField.swift */ = {isa = PBXFileReference; lastKnownFileType = sourcecode.swift; path = PasswordField.swift; sourceTree = "<group>"; };
		246FA4BD2747C4FD0053E949 /* TextFieldTemplate.swift */ = {isa = PBXFileReference; lastKnownFileType = sourcecode.swift; path = TextFieldTemplate.swift; sourceTree = "<group>"; };
		2481CB57274D1DA10013FB14 /* StorageManager.swift */ = {isa = PBXFileReference; lastKnownFileType = sourcecode.swift; path = StorageManager.swift; sourceTree = "<group>"; };
		2481CB59274D451E0013FB14 /* ConfigHeaderView.swift */ = {isa = PBXFileReference; lastKnownFileType = sourcecode.swift; path = ConfigHeaderView.swift; sourceTree = "<group>"; };
		24B540B2277618B90065182E /* UserDataCache.swift */ = {isa = PBXFileReference; lastKnownFileType = sourcecode.swift; path = UserDataCache.swift; sourceTree = "<group>"; };
		24B540B4277619BD0065182E /* UserData.swift */ = {isa = PBXFileReference; lastKnownFileType = sourcecode.swift; path = UserData.swift; sourceTree = "<group>"; };
		24BA459E276B649200CA1DD9 /* NSDictionary.swift */ = {isa = PBXFileReference; lastKnownFileType = sourcecode.swift; path = NSDictionary.swift; sourceTree = "<group>"; };
		24BA45A0276B72C700CA1DD9 /* StructToDictionary.swift */ = {isa = PBXFileReference; lastKnownFileType = sourcecode.swift; path = StructToDictionary.swift; sourceTree = "<group>"; };
		24BC8BAC27491A2600EB7918 /* HiddenTextLabel.swift */ = {isa = PBXFileReference; lastKnownFileType = sourcecode.swift; path = HiddenTextLabel.swift; sourceTree = "<group>"; };
		24BC8BAF27492BAE00EB7918 /* Message.swift */ = {isa = PBXFileReference; lastKnownFileType = sourcecode.swift; path = Message.swift; sourceTree = "<group>"; };
		24BC8BB127492BD700EB7918 /* Sender.swift */ = {isa = PBXFileReference; lastKnownFileType = sourcecode.swift; path = Sender.swift; sourceTree = "<group>"; };
		24BC8BB32749302500EB7918 /* StartNewConversationVC.swift */ = {isa = PBXFileReference; lastKnownFileType = sourcecode.swift; path = StartNewConversationVC.swift; sourceTree = "<group>"; };
		24C525F4273BD72E009EBAF9 /* RushHour.app */ = {isa = PBXFileReference; explicitFileType = wrapper.application; includeInIndex = 0; path = RushHour.app; sourceTree = BUILT_PRODUCTS_DIR; };
		24C525F7273BD72E009EBAF9 /* AppDelegate.swift */ = {isa = PBXFileReference; lastKnownFileType = sourcecode.swift; path = AppDelegate.swift; sourceTree = "<group>"; };
		24C525F9273BD72E009EBAF9 /* SceneDelegate.swift */ = {isa = PBXFileReference; lastKnownFileType = sourcecode.swift; path = SceneDelegate.swift; sourceTree = "<group>"; };
		24C525FE273BD72E009EBAF9 /* Base */ = {isa = PBXFileReference; lastKnownFileType = file.storyboard; name = Base; path = Base.lproj/Main.storyboard; sourceTree = "<group>"; };
		24C52600273BD72F009EBAF9 /* Assets.xcassets */ = {isa = PBXFileReference; lastKnownFileType = folder.assetcatalog; path = Assets.xcassets; sourceTree = "<group>"; };
		24C52603273BD72F009EBAF9 /* Base */ = {isa = PBXFileReference; lastKnownFileType = file.storyboard; name = Base; path = Base.lproj/LaunchScreen.storyboard; sourceTree = "<group>"; };
		24C52605273BD72F009EBAF9 /* Info.plist */ = {isa = PBXFileReference; lastKnownFileType = text.plist.xml; path = Info.plist; sourceTree = "<group>"; };
		24C5260B273BD87F009EBAF9 /* RegisterVC.swift */ = {isa = PBXFileReference; lastKnownFileType = sourcecode.swift; path = RegisterVC.swift; sourceTree = "<group>"; };
		24C5260D273BE397009EBAF9 /* IconTextButton.swift */ = {isa = PBXFileReference; lastKnownFileType = sourcecode.swift; path = IconTextButton.swift; sourceTree = "<group>"; };
		24C5260F273BE5C7009EBAF9 /* TwoLinesButton.swift */ = {isa = PBXFileReference; lastKnownFileType = sourcecode.swift; path = TwoLinesButton.swift; sourceTree = "<group>"; };
		24CC3F75273C26C500DF7679 /* TestVC.swift */ = {isa = PBXFileReference; fileEncoding = 4; lastKnownFileType = sourcecode.swift; path = TestVC.swift; sourceTree = "<group>"; };
		24D53DA82744583F002E3C04 /* ConversationVC.swift */ = {isa = PBXFileReference; lastKnownFileType = sourcecode.swift; path = ConversationVC.swift; sourceTree = "<group>"; };
		24D53DAC27446089002E3C04 /* DatabaseManager.swift */ = {isa = PBXFileReference; lastKnownFileType = sourcecode.swift; path = DatabaseManager.swift; sourceTree = "<group>"; };
		24E8D7BF27452516007F995D /* ContactsVC.swift */ = {isa = PBXFileReference; lastKnownFileType = sourcecode.swift; path = ContactsVC.swift; sourceTree = "<group>"; };
		24E8D7C1274525DC007F995D /* TabBarVC.swift */ = {isa = PBXFileReference; lastKnownFileType = sourcecode.swift; path = TabBarVC.swift; sourceTree = "<group>"; };
		24E8D7C327452824007F995D /* AppConfigVC.swift */ = {isa = PBXFileReference; lastKnownFileType = sourcecode.swift; path = AppConfigVC.swift; sourceTree = "<group>"; };
		24EAEA4527678B9E001C25E8 /* Errors.swift */ = {isa = PBXFileReference; lastKnownFileType = sourcecode.swift; path = Errors.swift; sourceTree = "<group>"; };
		24EDB8D8277344DF00947C4F /* UserShortData.swift */ = {isa = PBXFileReference; lastKnownFileType = sourcecode.swift; path = UserShortData.swift; sourceTree = "<group>"; };
		45FD128BBEB9BCB85F18E329 /* Pods-RushHour.debug.xcconfig */ = {isa = PBXFileReference; includeInIndex = 1; lastKnownFileType = text.xcconfig; name = "Pods-RushHour.debug.xcconfig"; path = "Target Support Files/Pods-RushHour/Pods-RushHour.debug.xcconfig"; sourceTree = "<group>"; };
		652A4F8283D54BD52FF344AF /* Pods-RushHour.release.xcconfig */ = {isa = PBXFileReference; includeInIndex = 1; lastKnownFileType = text.xcconfig; name = "Pods-RushHour.release.xcconfig"; path = "Target Support Files/Pods-RushHour/Pods-RushHour.release.xcconfig"; sourceTree = "<group>"; };
		DA6F53BAE7D85C9A9DBC364E /* Pods_RushHour.framework */ = {isa = PBXFileReference; explicitFileType = wrapper.framework; includeInIndex = 0; path = Pods_RushHour.framework; sourceTree = BUILT_PRODUCTS_DIR; };
/* End PBXFileReference section */

/* Begin PBXFrameworksBuildPhase section */
		24C525F1273BD72E009EBAF9 /* Frameworks */ = {
			isa = PBXFrameworksBuildPhase;
			buildActionMask = 2147483647;
			files = (
				5CA0F37997FD7A5FB25199FC /* Pods_RushHour.framework in Frameworks */,
			);
			runOnlyForDeploymentPostprocessing = 0;
		};
/* End PBXFrameworksBuildPhase section */

/* Begin PBXGroup section */
		2400DA04273E743300FD9164 /* extensions */ = {
			isa = PBXGroup;
			children = (
				2400DA05273E747200FD9164 /* UIView anchors.swift */,
				24BA459E276B649200CA1DD9 /* NSDictionary.swift */,
				245F32FD276CB7C500A8CDC6 /* NSArray.swift */,
				24BA45A0276B72C700CA1DD9 /* StructToDictionary.swift */,
			);
			path = extensions;
			sourceTree = "<group>";
		};
		240C0B87276748F300871FCE /* tests */ = {
			isa = PBXGroup;
			children = (
				24CC3F75273C26C500DF7679 /* TestVC.swift */,
			);
			path = tests;
			sourceTree = "<group>";
		};
		240C0B882767491A00871FCE /* LogOut */ = {
			isa = PBXGroup;
			children = (
				24C5260B273BD87F009EBAF9 /* RegisterVC.swift */,
				2400DA09273EB6A700FD9164 /* LoginVC.swift */,
			);
			path = LogOut;
			sourceTree = "<group>";
		};
		240C0B892767492F00871FCE /* LogIn */ = {
			isa = PBXGroup;
			children = (
				240C0B8A2767495900871FCE /* MessegesTab */,
				24E8D7BE27452455007F995D /* TabBar */,
			);
			path = LogIn;
			sourceTree = "<group>";
		};
		240C0B8A2767495900871FCE /* MessegesTab */ = {
			isa = PBXGroup;
			children = (
				243997402747F1AF006A221F /* ChatVC.swift */,
				24BC8BB32749302500EB7918 /* StartNewConversationVC.swift */,
			);
			path = MessegesTab;
			sourceTree = "<group>";
		};
		240C0B8B27674BF000871FCE /* Managers */ = {
			isa = PBXGroup;
			children = (
				24D53DAC27446089002E3C04 /* DatabaseManager.swift */,
				2481CB57274D1DA10013FB14 /* StorageManager.swift */,
				24B540B2277618B90065182E /* UserDataCache.swift */,
			);
			path = Managers;
			sourceTree = "<group>";
		};
		246FA4BC2747C3770053E949 /* Views */ = {
			isa = PBXGroup;
			children = (
				246FA4BA2747C36C0053E949 /* PasswordField.swift */,
				246FA4BD2747C4FD0053E949 /* TextFieldTemplate.swift */,
				24BC8BAC27491A2600EB7918 /* HiddenTextLabel.swift */,
				2481CB59274D451E0013FB14 /* ConfigHeaderView.swift */,
				245F32F9276CAB7000A8CDC6 /* ConversationsTVC.swift */,
			);
			path = Views;
			sourceTree = "<group>";
		};
		24BC8BAE27492B9600EB7918 /* Models */ = {
			isa = PBXGroup;
			children = (
				245F32FF276CE05A00A8CDC6 /* Conversations.swift */,
				24BC8BAF27492BAE00EB7918 /* Message.swift */,
				24BC8BB127492BD700EB7918 /* Sender.swift */,
				24EAEA4527678B9E001C25E8 /* Errors.swift */,
				245F32FB276CAF6B00A8CDC6 /* ConversationCell.swift */,
				240C0B8C27674F5A00871FCE /* UserFullData.swift */,
				24EDB8D8277344DF00947C4F /* UserShortData.swift */,
				24B540B4277619BD0065182E /* UserData.swift */,
			);
			path = Models;
			sourceTree = "<group>";
		};
		24C525EB273BD72E009EBAF9 = {
			isa = PBXGroup;
			children = (
				24C525F6273BD72E009EBAF9 /* RushHour */,
				24C525F5273BD72E009EBAF9 /* Products */,
				A1C104BCC3EB729656E1288D /* Pods */,
				3BFADCC3DE335A5D3356C872 /* Frameworks */,
			);
			sourceTree = "<group>";
		};
		24C525F5273BD72E009EBAF9 /* Products */ = {
			isa = PBXGroup;
			children = (
				24C525F4273BD72E009EBAF9 /* RushHour.app */,
			);
			name = Products;
			sourceTree = "<group>";
		};
		24C525F6273BD72E009EBAF9 /* RushHour */ = {
			isa = PBXGroup;
			children = (
				240C0B87276748F300871FCE /* tests */,
				24CC3F73273C25D600DF7679 /* customButtons */,
				24D53DAA27446027002E3C04 /* configure */,
				2400DA04273E743300FD9164 /* extensions */,
				240C0B8B27674BF000871FCE /* Managers */,
				24BC8BAE27492B9600EB7918 /* Models */,
				24CC3F74273C25F200DF7679 /* Controllers */,
				246FA4BC2747C3770053E949 /* Views */,
				24C52605273BD72F009EBAF9 /* Info.plist */,
				240C0B85276748C000871FCE /* GoogleService-Info.plist */,
			);
			path = RushHour;
			sourceTree = "<group>";
		};
		24CC3F73273C25D600DF7679 /* customButtons */ = {
			isa = PBXGroup;
			children = (
				24C5260D273BE397009EBAF9 /* IconTextButton.swift */,
				24C5260F273BE5C7009EBAF9 /* TwoLinesButton.swift */,
			);
			path = customButtons;
			sourceTree = "<group>";
		};
		24CC3F74273C25F200DF7679 /* Controllers */ = {
			isa = PBXGroup;
			children = (
				240C0B892767492F00871FCE /* LogIn */,
				240C0B882767491A00871FCE /* LogOut */,
			);
			path = Controllers;
			sourceTree = "<group>";
		};
		24D53DAA27446027002E3C04 /* configure */ = {
			isa = PBXGroup;
			children = (
				24C525F7273BD72E009EBAF9 /* AppDelegate.swift */,
				24C525F9273BD72E009EBAF9 /* SceneDelegate.swift */,
				24C525FD273BD72E009EBAF9 /* Main.storyboard */,
				24C52600273BD72F009EBAF9 /* Assets.xcassets */,
				24C52602273BD72F009EBAF9 /* LaunchScreen.storyboard */,
			);
			path = configure;
			sourceTree = "<group>";
		};
		24E8D7BE27452455007F995D /* TabBar */ = {
			isa = PBXGroup;
			children = (
				24E8D7C327452824007F995D /* AppConfigVC.swift */,
				24D53DA82744583F002E3C04 /* ConversationVC.swift */,
				24E8D7BF27452516007F995D /* ContactsVC.swift */,
				24E8D7C1274525DC007F995D /* TabBarVC.swift */,
			);
			path = TabBar;
			sourceTree = "<group>";
		};
		3BFADCC3DE335A5D3356C872 /* Frameworks */ = {
			isa = PBXGroup;
			children = (
				DA6F53BAE7D85C9A9DBC364E /* Pods_RushHour.framework */,
			);
			name = Frameworks;
			sourceTree = "<group>";
		};
		A1C104BCC3EB729656E1288D /* Pods */ = {
			isa = PBXGroup;
			children = (
				45FD128BBEB9BCB85F18E329 /* Pods-RushHour.debug.xcconfig */,
				652A4F8283D54BD52FF344AF /* Pods-RushHour.release.xcconfig */,
			);
			path = Pods;
			sourceTree = "<group>";
		};
/* End PBXGroup section */

/* Begin PBXNativeTarget section */
		24C525F3273BD72E009EBAF9 /* RushHour */ = {
			isa = PBXNativeTarget;
			buildConfigurationList = 24C52608273BD72F009EBAF9 /* Build configuration list for PBXNativeTarget "RushHour" */;
			buildPhases = (
				EC62945F9BAD084688503242 /* [CP] Check Pods Manifest.lock */,
				24C525F0273BD72E009EBAF9 /* Sources */,
				24C525F1273BD72E009EBAF9 /* Frameworks */,
				24C525F2273BD72E009EBAF9 /* Resources */,
				0827011DD8B661BF1260AE2D /* [CP] Embed Pods Frameworks */,
			);
			buildRules = (
			);
			dependencies = (
			);
			name = RushHour;
			productName = RushHour;
			productReference = 24C525F4273BD72E009EBAF9 /* RushHour.app */;
			productType = "com.apple.product-type.application";
		};
/* End PBXNativeTarget section */

/* Begin PBXProject section */
		24C525EC273BD72E009EBAF9 /* Project object */ = {
			isa = PBXProject;
			attributes = {
				BuildIndependentTargetsInParallel = 1;
				LastSwiftUpdateCheck = 1310;
				LastUpgradeCheck = 1310;
				TargetAttributes = {
					24C525F3273BD72E009EBAF9 = {
						CreatedOnToolsVersion = 13.1;
					};
				};
			};
			buildConfigurationList = 24C525EF273BD72E009EBAF9 /* Build configuration list for PBXProject "RushHour" */;
			compatibilityVersion = "Xcode 13.0";
			developmentRegion = en;
			hasScannedForEncodings = 0;
			knownRegions = (
				en,
				Base,
			);
			mainGroup = 24C525EB273BD72E009EBAF9;
			productRefGroup = 24C525F5273BD72E009EBAF9 /* Products */;
			projectDirPath = "";
			projectRoot = "";
			targets = (
				24C525F3273BD72E009EBAF9 /* RushHour */,
			);
		};
/* End PBXProject section */

/* Begin PBXResourcesBuildPhase section */
		24C525F2273BD72E009EBAF9 /* Resources */ = {
			isa = PBXResourcesBuildPhase;
			buildActionMask = 2147483647;
			files = (
				24C52604273BD72F009EBAF9 /* LaunchScreen.storyboard in Resources */,
				240C0B86276748C000871FCE /* GoogleService-Info.plist in Resources */,
				24C52601273BD72F009EBAF9 /* Assets.xcassets in Resources */,
				24C525FF273BD72E009EBAF9 /* Main.storyboard in Resources */,
			);
			runOnlyForDeploymentPostprocessing = 0;
		};
/* End PBXResourcesBuildPhase section */

/* Begin PBXShellScriptBuildPhase section */
		0827011DD8B661BF1260AE2D /* [CP] Embed Pods Frameworks */ = {
			isa = PBXShellScriptBuildPhase;
			buildActionMask = 2147483647;
			files = (
			);
			inputFileListPaths = (
				"${PODS_ROOT}/Target Support Files/Pods-RushHour/Pods-RushHour-frameworks-${CONFIGURATION}-input-files.xcfilelist",
			);
			name = "[CP] Embed Pods Frameworks";
			outputFileListPaths = (
				"${PODS_ROOT}/Target Support Files/Pods-RushHour/Pods-RushHour-frameworks-${CONFIGURATION}-output-files.xcfilelist",
			);
			runOnlyForDeploymentPostprocessing = 0;
			shellPath = /bin/sh;
			shellScript = "\"${PODS_ROOT}/Target Support Files/Pods-RushHour/Pods-RushHour-frameworks.sh\"\n";
			showEnvVarsInLog = 0;
		};
		EC62945F9BAD084688503242 /* [CP] Check Pods Manifest.lock */ = {
			isa = PBXShellScriptBuildPhase;
			buildActionMask = 2147483647;
			files = (
			);
			inputFileListPaths = (
			);
			inputPaths = (
				"${PODS_PODFILE_DIR_PATH}/Podfile.lock",
				"${PODS_ROOT}/Manifest.lock",
			);
			name = "[CP] Check Pods Manifest.lock";
			outputFileListPaths = (
			);
			outputPaths = (
				"$(DERIVED_FILE_DIR)/Pods-RushHour-checkManifestLockResult.txt",
			);
			runOnlyForDeploymentPostprocessing = 0;
			shellPath = /bin/sh;
			shellScript = "diff \"${PODS_PODFILE_DIR_PATH}/Podfile.lock\" \"${PODS_ROOT}/Manifest.lock\" > /dev/null\nif [ $? != 0 ] ; then\n    # print error to STDERR\n    echo \"error: The sandbox is not in sync with the Podfile.lock. Run 'pod install' or update your CocoaPods installation.\" >&2\n    exit 1\nfi\n# This output is used by Xcode 'outputs' to avoid re-running this script phase.\necho \"SUCCESS\" > \"${SCRIPT_OUTPUT_FILE_0}\"\n";
			showEnvVarsInLog = 0;
		};
/* End PBXShellScriptBuildPhase section */

/* Begin PBXSourcesBuildPhase section */
		24C525F0273BD72E009EBAF9 /* Sources */ = {
			isa = PBXSourcesBuildPhase;
			buildActionMask = 2147483647;
			files = (
				243997412747F1AF006A221F /* ChatVC.swift in Sources */,
				24CC3F76273C26C500DF7679 /* TestVC.swift in Sources */,
				24C525F8273BD72E009EBAF9 /* AppDelegate.swift in Sources */,
				2481CB58274D1DA10013FB14 /* StorageManager.swift in Sources */,
				24BC8BB227492BD700EB7918 /* Sender.swift in Sources */,
				24BC8BB027492BAE00EB7918 /* Message.swift in Sources */,
				24D53DAD27446089002E3C04 /* DatabaseManager.swift in Sources */,
				24BA459F276B649200CA1DD9 /* NSDictionary.swift in Sources */,
				24C5260C273BD87F009EBAF9 /* RegisterVC.swift in Sources */,
				2481CB5A274D451E0013FB14 /* ConfigHeaderView.swift in Sources */,
				245F32FE276CB7C500A8CDC6 /* NSArray.swift in Sources */,
				2400DA06273E747200FD9164 /* UIView anchors.swift in Sources */,
				24BA45A1276B72C700CA1DD9 /* StructToDictionary.swift in Sources */,
				2400DA0A273EB6A700FD9164 /* LoginVC.swift in Sources */,
				24B540B3277618B90065182E /* UserDataCache.swift in Sources */,
				245F32FC276CAF6B00A8CDC6 /* ConversationCell.swift in Sources */,
				24E8D7C427452824007F995D /* AppConfigVC.swift in Sources */,
				24EDB8D9277344DF00947C4F /* UserShortData.swift in Sources */,
				24C525FA273BD72E009EBAF9 /* SceneDelegate.swift in Sources */,
				24D53DA92744583F002E3C04 /* ConversationVC.swift in Sources */,
				24BC8BB42749302500EB7918 /* StartNewConversationVC.swift in Sources */,
				24EAEA4627678B9E001C25E8 /* Errors.swift in Sources */,
				245F32FA276CAB7000A8CDC6 /* ConversationsTVC.swift in Sources */,
				24C52610273BE5C7009EBAF9 /* TwoLinesButton.swift in Sources */,
				24E8D7C027452516007F995D /* ContactsVC.swift in Sources */,
				246FA4BB2747C36C0053E949 /* PasswordField.swift in Sources */,
				240C0B8D27674F5A00871FCE /* UserFullData.swift in Sources */,
				24E8D7C2274525DC007F995D /* TabBarVC.swift in Sources */,
				246FA4BE2747C4FD0053E949 /* TextFieldTemplate.swift in Sources */,
				245F3300276CE05A00A8CDC6 /* Conversations.swift in Sources */,
				24B540B5277619BD0065182E /* UserData.swift in Sources */,
				24BC8BAD27491A2600EB7918 /* HiddenTextLabel.swift in Sources */,
				24C5260E273BE397009EBAF9 /* IconTextButton.swift in Sources */,
			);
			runOnlyForDeploymentPostprocessing = 0;
		};
/* End PBXSourcesBuildPhase section */

/* Begin PBXVariantGroup section */
		24C525FD273BD72E009EBAF9 /* Main.storyboard */ = {
			isa = PBXVariantGroup;
			children = (
				24C525FE273BD72E009EBAF9 /* Base */,
			);
			name = Main.storyboard;
			sourceTree = "<group>";
		};
		24C52602273BD72F009EBAF9 /* LaunchScreen.storyboard */ = {
			isa = PBXVariantGroup;
			children = (
				24C52603273BD72F009EBAF9 /* Base */,
			);
			name = LaunchScreen.storyboard;
			sourceTree = "<group>";
		};
/* End PBXVariantGroup section */

/* Begin XCBuildConfiguration section */
		24C52606273BD72F009EBAF9 /* Debug */ = {
			isa = XCBuildConfiguration;
			buildSettings = {
				ALWAYS_SEARCH_USER_PATHS = NO;
				CLANG_ANALYZER_NONNULL = YES;
				CLANG_ANALYZER_NUMBER_OBJECT_CONVERSION = YES_AGGRESSIVE;
				CLANG_CXX_LANGUAGE_STANDARD = "gnu++17";
				CLANG_CXX_LIBRARY = "libc++";
				CLANG_ENABLE_MODULES = YES;
				CLANG_ENABLE_OBJC_ARC = YES;
				CLANG_ENABLE_OBJC_WEAK = YES;
				CLANG_WARN_BLOCK_CAPTURE_AUTORELEASING = YES;
				CLANG_WARN_BOOL_CONVERSION = YES;
				CLANG_WARN_COMMA = YES;
				CLANG_WARN_CONSTANT_CONVERSION = YES;
				CLANG_WARN_DEPRECATED_OBJC_IMPLEMENTATIONS = YES;
				CLANG_WARN_DIRECT_OBJC_ISA_USAGE = YES_ERROR;
				CLANG_WARN_DOCUMENTATION_COMMENTS = YES;
				CLANG_WARN_EMPTY_BODY = YES;
				CLANG_WARN_ENUM_CONVERSION = YES;
				CLANG_WARN_INFINITE_RECURSION = YES;
				CLANG_WARN_INT_CONVERSION = YES;
				CLANG_WARN_NON_LITERAL_NULL_CONVERSION = YES;
				CLANG_WARN_OBJC_IMPLICIT_RETAIN_SELF = YES;
				CLANG_WARN_OBJC_LITERAL_CONVERSION = YES;
				CLANG_WARN_OBJC_ROOT_CLASS = YES_ERROR;
				CLANG_WARN_QUOTED_INCLUDE_IN_FRAMEWORK_HEADER = YES;
				CLANG_WARN_RANGE_LOOP_ANALYSIS = YES;
				CLANG_WARN_STRICT_PROTOTYPES = YES;
				CLANG_WARN_SUSPICIOUS_MOVE = YES;
				CLANG_WARN_UNGUARDED_AVAILABILITY = YES_AGGRESSIVE;
				CLANG_WARN_UNREACHABLE_CODE = YES;
				CLANG_WARN__DUPLICATE_METHOD_MATCH = YES;
				COPY_PHASE_STRIP = NO;
				DEBUG_INFORMATION_FORMAT = dwarf;
				ENABLE_STRICT_OBJC_MSGSEND = YES;
				ENABLE_TESTABILITY = YES;
				GCC_C_LANGUAGE_STANDARD = gnu11;
				GCC_DYNAMIC_NO_PIC = NO;
				GCC_NO_COMMON_BLOCKS = YES;
				GCC_OPTIMIZATION_LEVEL = 0;
				GCC_PREPROCESSOR_DEFINITIONS = (
					"DEBUG=1",
					"$(inherited)",
				);
				GCC_WARN_64_TO_32_BIT_CONVERSION = YES;
				GCC_WARN_ABOUT_RETURN_TYPE = YES_ERROR;
				GCC_WARN_UNDECLARED_SELECTOR = YES;
				GCC_WARN_UNINITIALIZED_AUTOS = YES_AGGRESSIVE;
				GCC_WARN_UNUSED_FUNCTION = YES;
				GCC_WARN_UNUSED_VARIABLE = YES;
				IPHONEOS_DEPLOYMENT_TARGET = 15.0;
				MTL_ENABLE_DEBUG_INFO = INCLUDE_SOURCE;
				MTL_FAST_MATH = YES;
				ONLY_ACTIVE_ARCH = YES;
				SDKROOT = iphoneos;
				SWIFT_ACTIVE_COMPILATION_CONDITIONS = DEBUG;
				SWIFT_OPTIMIZATION_LEVEL = "-Onone";
			};
			name = Debug;
		};
		24C52607273BD72F009EBAF9 /* Release */ = {
			isa = XCBuildConfiguration;
			buildSettings = {
				ALWAYS_SEARCH_USER_PATHS = NO;
				CLANG_ANALYZER_NONNULL = YES;
				CLANG_ANALYZER_NUMBER_OBJECT_CONVERSION = YES_AGGRESSIVE;
				CLANG_CXX_LANGUAGE_STANDARD = "gnu++17";
				CLANG_CXX_LIBRARY = "libc++";
				CLANG_ENABLE_MODULES = YES;
				CLANG_ENABLE_OBJC_ARC = YES;
				CLANG_ENABLE_OBJC_WEAK = YES;
				CLANG_WARN_BLOCK_CAPTURE_AUTORELEASING = YES;
				CLANG_WARN_BOOL_CONVERSION = YES;
				CLANG_WARN_COMMA = YES;
				CLANG_WARN_CONSTANT_CONVERSION = YES;
				CLANG_WARN_DEPRECATED_OBJC_IMPLEMENTATIONS = YES;
				CLANG_WARN_DIRECT_OBJC_ISA_USAGE = YES_ERROR;
				CLANG_WARN_DOCUMENTATION_COMMENTS = YES;
				CLANG_WARN_EMPTY_BODY = YES;
				CLANG_WARN_ENUM_CONVERSION = YES;
				CLANG_WARN_INFINITE_RECURSION = YES;
				CLANG_WARN_INT_CONVERSION = YES;
				CLANG_WARN_NON_LITERAL_NULL_CONVERSION = YES;
				CLANG_WARN_OBJC_IMPLICIT_RETAIN_SELF = YES;
				CLANG_WARN_OBJC_LITERAL_CONVERSION = YES;
				CLANG_WARN_OBJC_ROOT_CLASS = YES_ERROR;
				CLANG_WARN_QUOTED_INCLUDE_IN_FRAMEWORK_HEADER = YES;
				CLANG_WARN_RANGE_LOOP_ANALYSIS = YES;
				CLANG_WARN_STRICT_PROTOTYPES = YES;
				CLANG_WARN_SUSPICIOUS_MOVE = YES;
				CLANG_WARN_UNGUARDED_AVAILABILITY = YES_AGGRESSIVE;
				CLANG_WARN_UNREACHABLE_CODE = YES;
				CLANG_WARN__DUPLICATE_METHOD_MATCH = YES;
				COPY_PHASE_STRIP = NO;
				DEBUG_INFORMATION_FORMAT = "dwarf-with-dsym";
				ENABLE_NS_ASSERTIONS = NO;
				ENABLE_STRICT_OBJC_MSGSEND = YES;
				GCC_C_LANGUAGE_STANDARD = gnu11;
				GCC_NO_COMMON_BLOCKS = YES;
				GCC_WARN_64_TO_32_BIT_CONVERSION = YES;
				GCC_WARN_ABOUT_RETURN_TYPE = YES_ERROR;
				GCC_WARN_UNDECLARED_SELECTOR = YES;
				GCC_WARN_UNINITIALIZED_AUTOS = YES_AGGRESSIVE;
				GCC_WARN_UNUSED_FUNCTION = YES;
				GCC_WARN_UNUSED_VARIABLE = YES;
				IPHONEOS_DEPLOYMENT_TARGET = 15.0;
				MTL_ENABLE_DEBUG_INFO = NO;
				MTL_FAST_MATH = YES;
				SDKROOT = iphoneos;
				SWIFT_COMPILATION_MODE = wholemodule;
				SWIFT_OPTIMIZATION_LEVEL = "-O";
				VALIDATE_PRODUCT = YES;
			};
			name = Release;
		};
		24C52609273BD72F009EBAF9 /* Debug */ = {
			isa = XCBuildConfiguration;
			baseConfigurationReference = 45FD128BBEB9BCB85F18E329 /* Pods-RushHour.debug.xcconfig */;
			buildSettings = {
				ASSETCATALOG_COMPILER_APPICON_NAME = AppIcon;
				ASSETCATALOG_COMPILER_GLOBAL_ACCENT_COLOR_NAME = AccentColor;
				CODE_SIGN_STYLE = Automatic;
				CURRENT_PROJECT_VERSION = 1;
				DEVELOPMENT_TEAM = Z9QAADN955;
				GENERATE_INFOPLIST_FILE = YES;
				INFOPLIST_FILE = RushHour/Info.plist;
				INFOPLIST_KEY_NSCameraUsageDescription = "Allow acces to camera";
				INFOPLIST_KEY_NSPhotoLibraryAddUsageDescription = "Allow access to photo library";
				INFOPLIST_KEY_UIApplicationSupportsIndirectInputEvents = YES;
				INFOPLIST_KEY_UILaunchStoryboardName = LaunchScreen;
				INFOPLIST_KEY_UIMainStoryboardFile = Main;
				INFOPLIST_KEY_UISupportedInterfaceOrientations = UIInterfaceOrientationPortrait;
				INFOPLIST_KEY_UISupportedInterfaceOrientations_iPad = "UIInterfaceOrientationPortrait UIInterfaceOrientationPortraitUpsideDown";
				INFOPLIST_KEY_UISupportedInterfaceOrientations_iPhone = UIInterfaceOrientationPortrait;
				IPHONEOS_DEPLOYMENT_TARGET = 13.0;
				LD_RUNPATH_SEARCH_PATHS = (
					"$(inherited)",
					"@executable_path/Frameworks",
				);
				MARKETING_VERSION = 1.0;
				PRODUCT_BUNDLE_IDENTIFIER = Hardart.RushHour;
				PRODUCT_NAME = "$(TARGET_NAME)";
				SWIFT_EMIT_LOC_STRINGS = YES;
				SWIFT_VERSION = 5.0;
				TARGETED_DEVICE_FAMILY = 1;
			};
			name = Debug;
		};
		24C5260A273BD72F009EBAF9 /* Release */ = {
			isa = XCBuildConfiguration;
			baseConfigurationReference = 652A4F8283D54BD52FF344AF /* Pods-RushHour.release.xcconfig */;
			buildSettings = {
				ASSETCATALOG_COMPILER_APPICON_NAME = AppIcon;
				ASSETCATALOG_COMPILER_GLOBAL_ACCENT_COLOR_NAME = AccentColor;
				CODE_SIGN_STYLE = Automatic;
				CURRENT_PROJECT_VERSION = 1;
				DEVELOPMENT_TEAM = Z9QAADN955;
				GENERATE_INFOPLIST_FILE = YES;
				INFOPLIST_FILE = RushHour/Info.plist;
				INFOPLIST_KEY_NSCameraUsageDescription = "Allow acces to camera";
				INFOPLIST_KEY_NSPhotoLibraryAddUsageDescription = "Allow access to photo library";
				INFOPLIST_KEY_UIApplicationSupportsIndirectInputEvents = YES;
				INFOPLIST_KEY_UILaunchStoryboardName = LaunchScreen;
				INFOPLIST_KEY_UIMainStoryboardFile = Main;
				INFOPLIST_KEY_UISupportedInterfaceOrientations = UIInterfaceOrientationPortrait;
				INFOPLIST_KEY_UISupportedInterfaceOrientations_iPad = "UIInterfaceOrientationPortrait UIInterfaceOrientationPortraitUpsideDown";
				INFOPLIST_KEY_UISupportedInterfaceOrientations_iPhone = UIInterfaceOrientationPortrait;
				IPHONEOS_DEPLOYMENT_TARGET = 13.0;
				LD_RUNPATH_SEARCH_PATHS = (
					"$(inherited)",
					"@executable_path/Frameworks",
				);
				MARKETING_VERSION = 1.0;
				PRODUCT_BUNDLE_IDENTIFIER = Hardart.RushHour;
				PRODUCT_NAME = "$(TARGET_NAME)";
				SWIFT_EMIT_LOC_STRINGS = YES;
				SWIFT_VERSION = 5.0;
				TARGETED_DEVICE_FAMILY = 1;
			};
			name = Release;
		};
/* End XCBuildConfiguration section */

/* Begin XCConfigurationList section */
		24C525EF273BD72E009EBAF9 /* Build configuration list for PBXProject "RushHour" */ = {
			isa = XCConfigurationList;
			buildConfigurations = (
				24C52606273BD72F009EBAF9 /* Debug */,
				24C52607273BD72F009EBAF9 /* Release */,
			);
			defaultConfigurationIsVisible = 0;
			defaultConfigurationName = Release;
		};
		24C52608273BD72F009EBAF9 /* Build configuration list for PBXNativeTarget "RushHour" */ = {
			isa = XCConfigurationList;
			buildConfigurations = (
				24C52609273BD72F009EBAF9 /* Debug */,
				24C5260A273BD72F009EBAF9 /* Release */,
			);
			defaultConfigurationIsVisible = 0;
			defaultConfigurationName = Release;
		};
/* End XCConfigurationList section */
	};
	rootObject = 24C525EC273BD72E009EBAF9 /* Project object */;
}
